
Microsoft Visual Studio Solution File, Format Version 12.00
# Visual Studio Version 17
VisualStudioVersion = 17.3.32819.101
MinimumVisualStudioVersion = 10.0.40219.1
Project("{FAE04EC0-301F-11D3-BF4B-00C04F79EFBC}") = "Web API MVC Consumer", "Web API MVC Consumer.csproj", "{211EFADF-023E-49AE-ADE7-7733213CA849}"
EndProject
Global
	GlobalSection(SolutionConfigurationPlatforms) = preSolution
		Debug|Any CPU = Debug|Any CPU
		Release|Any CPU = Release|Any CPU
	EndGlobalSection
	GlobalSection(ProjectConfigurationPlatforms) = postSolution
		{211EFADF-023E-49AE-ADE7-7733213CA849}.Debug|Any CPU.ActiveCfg = Debug|Any CPU
		{211EFADF-023E-49AE-ADE7-7733213CA849}.Debug|Any CPU.Build.0 = Debug|Any CPU
		{211EFADF-023E-49AE-ADE7-7733213CA849}.Release|Any CPU.ActiveCfg = Release|Any CPU
		{211EFADF-023E-49AE-ADE7-7733213CA849}.Release|Any CPU.Build.0 = Release|Any CPU
	EndGlobalSection
	GlobalSection(SolutionProperties) = preSolution
		HideSolutionNode = FALSE
	EndGlobalSection
	GlobalSection(ExtensibilityGlobals) = postSolution
		SolutionGuid = {40146B67-7FCD-4B43-8730-42712B10EDFF}
	EndGlobalSection
EndGlobal
